
Microsoft Visual Studio Solution File, Format Version 12.00
# Visual Studio Version 16
VisualStudioVersion = 16.0.29613.14
MinimumVisualStudioVersion = 10.0.40219.1
Project("{9A19103F-16F7-4668-BE54-9A1E7A4F7556}") = "HttpClientExercise", "HttpClientExercise\HttpClientExercise.csproj", "{D4435D7A-896E-44A8-B20C-79ABAB29B860}"
EndProject
Project("{9A19103F-16F7-4668-BE54-9A1E7A4F7556}") = "ConfigurationExercise", "ConfigurationExercise\ConfigurationExercise.csproj", "{42C42266-9907-4EB2-A149-3FC957158288}"
EndProject
Project("{9A19103F-16F7-4668-BE54-9A1E7A4F7556}") = "FileExercise", "FileExercise\FileExercise.csproj", "{C05C3382-FF83-43E5-B087-D486F47BFD84}"
EndProject
Project("{9A19103F-16F7-4668-BE54-9A1E7A4F7556}") = "LogExercise", "LogExercise\LogExercise.csproj", "{1C0920EF-C1D3-470C-A2BF-C4C7CE5D7D3C}"
EndProject
Project("{9A19103F-16F7-4668-BE54-9A1E7A4F7556}") = "AutofacExercise", "AutofacExercise\AutofacExercise.csproj", "{4CA3572D-7B7B-4B75-84AE-BA3C5AE1A3D6}"
EndProject
Project("{2150E333-8FDC-42A3-9474-1A3956D46DE8}") = "Autofac", "Autofac", "{D319D10B-3C1B-4F4D-925C-3F986F19F069}"
EndProject
Project("{9A19103F-16F7-4668-BE54-9A1E7A4F7556}") = "Services", "Services\Services.csproj", "{7D02B80B-0076-4C6A-AA9D-3CBC477CE93F}"
EndProject
Project("{9A19103F-16F7-4668-BE54-9A1E7A4F7556}") = "Implement", "Implement\Implement.csproj", "{A0492484-B21B-4054-8ABF-55AB62298CB4}"
EndProject
Project("{9A19103F-16F7-4668-BE54-9A1E7A4F7556}") = "AutomapperExercise", "AutomapperExercise\AutomapperExercise.csproj", "{F73FD0BD-832C-488C-80E7-63756CB66EF1}"
EndProject
Project("{2150E333-8FDC-42A3-9474-1A3956D46DE8}") = "Automapper", "Automapper", "{720CC835-636A-4368-A82B-F6B36E2BD4B4}"
EndProject
Project("{9A19103F-16F7-4668-BE54-9A1E7A4F7556}") = "AutoMapperProfile", "AutoMapperProfile\AutoMapperProfile.csproj", "{B6ED426A-6B3F-475D-85A9-365E523C9D4D}"
EndProject
Project("{9A19103F-16F7-4668-BE54-9A1E7A4F7556}") = "FluentValidationExercise", "FluentValidationExercise\FluentValidationExercise.csproj", "{34D2B863-4D7C-49D3-AB9E-9A50F7D35BE3}"
EndProject
Project("{2150E333-8FDC-42A3-9474-1A3956D46DE8}") = "RabbitMQExercise", "RabbitMQExercise", "{A02E5204-18EB-4896-8514-62A5112EDD2F}"
EndProject
Project("{9A19103F-16F7-4668-BE54-9A1E7A4F7556}") = "RabbitServer", "RabbitServer\RabbitServer.csproj", "{8EF48230-1CD1-4289-98F4-26297675B5DE}"
EndProject
Project("{9A19103F-16F7-4668-BE54-9A1E7A4F7556}") = "RabbitClient", "RabbitClient\RabbitClient.csproj", "{DDE4C38E-A0F1-4D67-8ED1-CBF3CB0F3A7A}"
EndProject
Project("{9A19103F-16F7-4668-BE54-9A1E7A4F7556}") = "RabbitClient2", "RabbitClient2\RabbitClient2.csproj", "{6C5BF30B-A41A-4EB9-A607-AAE504C443D9}"
EndProject
Project("{9A19103F-16F7-4668-BE54-9A1E7A4F7556}") = "SignalRExercise", "SignalRExercise\SignalRExercise.csproj", "{61642332-5310-41AD-8A51-B3E8566FE278}"
EndProject
Project("{2150E333-8FDC-42A3-9474-1A3956D46DE8}") = "SignalR", "SignalR", "{19461C0C-7507-4096-8D5A-4A5D09B5A9D4}"
EndProject
Project("{9A19103F-16F7-4668-BE54-9A1E7A4F7556}") = "SwaggerExercise", "SwaggerExercise\SwaggerExercise.csproj", "{4F2EB9FB-228F-439D-8DD8-89B902C86209}"
EndProject
Project("{9A19103F-16F7-4668-BE54-9A1E7A4F7556}") = "RabbitWeb", "RabbitWeb\RabbitWeb.csproj", "{D858F52C-1FF9-40A7-8554-8198BFA44E83}"
EndProject
Project("{9A19103F-16F7-4668-BE54-9A1E7A4F7556}") = "GrpcService", "GrpcService\GrpcService.csproj", "{B2031C91-1F19-4C1C-8999-134822EF2B84}"
EndProject
Project("{2150E333-8FDC-42A3-9474-1A3956D46DE8}") = "gRPC", "gRPC", "{1533D522-22DD-4143-B4FE-10FEBE5929BD}"
EndProject
Project("{9A19103F-16F7-4668-BE54-9A1E7A4F7556}") = "GrpcClient", "GrpcClient\GrpcClient.csproj", "{B195B026-4C8C-4A04-A499-5B466B239062}"
EndProject
Project("{FAE04EC0-301F-11D3-BF4B-00C04F79EFBC}") = "FilterExercise", "FilterExercise\FilterExercise.csproj", "{B0CE58D6-4FC9-43C8-A80A-1C4C2553D491}"
EndProject
Global
	GlobalSection(SolutionConfigurationPlatforms) = preSolution
		Debug|Any CPU = Debug|Any CPU
		Release|Any CPU = Release|Any CPU
	EndGlobalSection
	GlobalSection(ProjectConfigurationPlatforms) = postSolution
		{D4435D7A-896E-44A8-B20C-79ABAB29B860}.Debug|Any CPU.ActiveCfg = Debug|Any CPU
		{D4435D7A-896E-44A8-B20C-79ABAB29B860}.Debug|Any CPU.Build.0 = Debug|Any CPU
		{D4435D7A-896E-44A8-B20C-79ABAB29B860}.Release|Any CPU.ActiveCfg = Release|Any CPU
		{D4435D7A-896E-44A8-B20C-79ABAB29B860}.Release|Any CPU.Build.0 = Release|Any CPU
		{42C42266-9907-4EB2-A149-3FC957158288}.Debug|Any CPU.ActiveCfg = Debug|Any CPU
		{42C42266-9907-4EB2-A149-3FC957158288}.Debug|Any CPU.Build.0 = Debug|Any CPU
		{42C42266-9907-4EB2-A149-3FC957158288}.Release|Any CPU.ActiveCfg = Release|Any CPU
		{42C42266-9907-4EB2-A149-3FC957158288}.Release|Any CPU.Build.0 = Release|Any CPU
		{C05C3382-FF83-43E5-B087-D486F47BFD84}.Debug|Any CPU.ActiveCfg = Debug|Any CPU
		{C05C3382-FF83-43E5-B087-D486F47BFD84}.Debug|Any CPU.Build.0 = Debug|Any CPU
		{C05C3382-FF83-43E5-B087-D486F47BFD84}.Release|Any CPU.ActiveCfg = Release|Any CPU
		{C05C3382-FF83-43E5-B087-D486F47BFD84}.Release|Any CPU.Build.0 = Release|Any CPU
		{1C0920EF-C1D3-470C-A2BF-C4C7CE5D7D3C}.Debug|Any CPU.ActiveCfg = Debug|Any CPU
		{1C0920EF-C1D3-470C-A2BF-C4C7CE5D7D3C}.Debug|Any CPU.Build.0 = Debug|Any CPU
		{1C0920EF-C1D3-470C-A2BF-C4C7CE5D7D3C}.Release|Any CPU.ActiveCfg = Release|Any CPU
		{1C0920EF-C1D3-470C-A2BF-C4C7CE5D7D3C}.Release|Any CPU.Build.0 = Release|Any CPU
		{4CA3572D-7B7B-4B75-84AE-BA3C5AE1A3D6}.Debug|Any CPU.ActiveCfg = Debug|Any CPU
		{4CA3572D-7B7B-4B75-84AE-BA3C5AE1A3D6}.Debug|Any CPU.Build.0 = Debug|Any CPU
		{4CA3572D-7B7B-4B75-84AE-BA3C5AE1A3D6}.Release|Any CPU.ActiveCfg = Release|Any CPU
		{4CA3572D-7B7B-4B75-84AE-BA3C5AE1A3D6}.Release|Any CPU.Build.0 = Release|Any CPU
		{7D02B80B-0076-4C6A-AA9D-3CBC477CE93F}.Debug|Any CPU.ActiveCfg = Debug|Any CPU
		{7D02B80B-0076-4C6A-AA9D-3CBC477CE93F}.Debug|Any CPU.Build.0 = Debug|Any CPU
		{7D02B80B-0076-4C6A-AA9D-3CBC477CE93F}.Release|Any CPU.ActiveCfg = Release|Any CPU
		{7D02B80B-0076-4C6A-AA9D-3CBC477CE93F}.Release|Any CPU.Build.0 = Release|Any CPU
		{A0492484-B21B-4054-8ABF-55AB62298CB4}.Debug|Any CPU.ActiveCfg = Debug|Any CPU
		{A0492484-B21B-4054-8ABF-55AB62298CB4}.Debug|Any CPU.Build.0 = Debug|Any CPU
		{A0492484-B21B-4054-8ABF-55AB62298CB4}.Release|Any CPU.ActiveCfg = Release|Any CPU
		{A0492484-B21B-4054-8ABF-55AB62298CB4}.Release|Any CPU.Build.0 = Release|Any CPU
		{F73FD0BD-832C-488C-80E7-63756CB66EF1}.Debug|Any CPU.ActiveCfg = Debug|Any CPU
		{F73FD0BD-832C-488C-80E7-63756CB66EF1}.Debug|Any CPU.Build.0 = Debug|Any CPU
		{F73FD0BD-832C-488C-80E7-63756CB66EF1}.Release|Any CPU.ActiveCfg = Release|Any CPU
		{F73FD0BD-832C-488C-80E7-63756CB66EF1}.Release|Any CPU.Build.0 = Release|Any CPU
		{B6ED426A-6B3F-475D-85A9-365E523C9D4D}.Debug|Any CPU.ActiveCfg = Debug|Any CPU
		{B6ED426A-6B3F-475D-85A9-365E523C9D4D}.Debug|Any CPU.Build.0 = Debug|Any CPU
		{B6ED426A-6B3F-475D-85A9-365E523C9D4D}.Release|Any CPU.ActiveCfg = Release|Any CPU
		{B6ED426A-6B3F-475D-85A9-365E523C9D4D}.Release|Any CPU.Build.0 = Release|Any CPU
		{34D2B863-4D7C-49D3-AB9E-9A50F7D35BE3}.Debug|Any CPU.ActiveCfg = Debug|Any CPU
		{34D2B863-4D7C-49D3-AB9E-9A50F7D35BE3}.Debug|Any CPU.Build.0 = Debug|Any CPU
		{34D2B863-4D7C-49D3-AB9E-9A50F7D35BE3}.Release|Any CPU.ActiveCfg = Release|Any CPU
		{34D2B863-4D7C-49D3-AB9E-9A50F7D35BE3}.Release|Any CPU.Build.0 = Release|Any CPU
		{8EF48230-1CD1-4289-98F4-26297675B5DE}.Debug|Any CPU.ActiveCfg = Debug|Any CPU
		{8EF48230-1CD1-4289-98F4-26297675B5DE}.Debug|Any CPU.Build.0 = Debug|Any CPU
		{8EF48230-1CD1-4289-98F4-26297675B5DE}.Release|Any CPU.ActiveCfg = Release|Any CPU
		{8EF48230-1CD1-4289-98F4-26297675B5DE}.Release|Any CPU.Build.0 = Release|Any CPU
		{DDE4C38E-A0F1-4D67-8ED1-CBF3CB0F3A7A}.Debug|Any CPU.ActiveCfg = Debug|Any CPU
		{DDE4C38E-A0F1-4D67-8ED1-CBF3CB0F3A7A}.Debug|Any CPU.Build.0 = Debug|Any CPU
		{DDE4C38E-A0F1-4D67-8ED1-CBF3CB0F3A7A}.Release|Any CPU.ActiveCfg = Release|Any CPU
		{DDE4C38E-A0F1-4D67-8ED1-CBF3CB0F3A7A}.Release|Any CPU.Build.0 = Release|Any CPU
		{6C5BF30B-A41A-4EB9-A607-AAE504C443D9}.Debug|Any CPU.ActiveCfg = Debug|Any CPU
		{6C5BF30B-A41A-4EB9-A607-AAE504C443D9}.Debug|Any CPU.Build.0 = Debug|Any CPU
		{6C5BF30B-A41A-4EB9-A607-AAE504C443D9}.Release|Any CPU.ActiveCfg = Release|Any CPU
		{6C5BF30B-A41A-4EB9-A607-AAE504C443D9}.Release|Any CPU.Build.0 = Release|Any CPU
		{61642332-5310-41AD-8A51-B3E8566FE278}.Debug|Any CPU.ActiveCfg = Debug|Any CPU
		{61642332-5310-41AD-8A51-B3E8566FE278}.Debug|Any CPU.Build.0 = Debug|Any CPU
		{61642332-5310-41AD-8A51-B3E8566FE278}.Release|Any CPU.ActiveCfg = Release|Any CPU
		{61642332-5310-41AD-8A51-B3E8566FE278}.Release|Any CPU.Build.0 = Release|Any CPU
		{4F2EB9FB-228F-439D-8DD8-89B902C86209}.Debug|Any CPU.ActiveCfg = Debug|Any CPU
		{4F2EB9FB-228F-439D-8DD8-89B902C86209}.Debug|Any CPU.Build.0 = Debug|Any CPU
		{4F2EB9FB-228F-439D-8DD8-89B902C86209}.Release|Any CPU.ActiveCfg = Release|Any CPU
		{4F2EB9FB-228F-439D-8DD8-89B902C86209}.Release|Any CPU.Build.0 = Release|Any CPU
		{D858F52C-1FF9-40A7-8554-8198BFA44E83}.Debug|Any CPU.ActiveCfg = Debug|Any CPU
		{D858F52C-1FF9-40A7-8554-8198BFA44E83}.Debug|Any CPU.Build.0 = Debug|Any CPU
		{D858F52C-1FF9-40A7-8554-8198BFA44E83}.Release|Any CPU.ActiveCfg = Release|Any CPU
		{D858F52C-1FF9-40A7-8554-8198BFA44E83}.Release|Any CPU.Build.0 = Release|Any CPU
		{B2031C91-1F19-4C1C-8999-134822EF2B84}.Debug|Any CPU.ActiveCfg = Debug|Any CPU
		{B2031C91-1F19-4C1C-8999-134822EF2B84}.Debug|Any CPU.Build.0 = Debug|Any CPU
		{B2031C91-1F19-4C1C-8999-134822EF2B84}.Release|Any CPU.ActiveCfg = Release|Any CPU
		{B2031C91-1F19-4C1C-8999-134822EF2B84}.Release|Any CPU.Build.0 = Release|Any CPU
		{B195B026-4C8C-4A04-A499-5B466B239062}.Debug|Any CPU.ActiveCfg = Debug|Any CPU
		{B195B026-4C8C-4A04-A499-5B466B239062}.Debug|Any CPU.Build.0 = Debug|Any CPU
		{B195B026-4C8C-4A04-A499-5B466B239062}.Release|Any CPU.ActiveCfg = Release|Any CPU
		{B195B026-4C8C-4A04-A499-5B466B239062}.Release|Any CPU.Build.0 = Release|Any CPU
		{B0CE58D6-4FC9-43C8-A80A-1C4C2553D491}.Debug|Any CPU.ActiveCfg = Debug|Any CPU
		{B0CE58D6-4FC9-43C8-A80A-1C4C2553D491}.Debug|Any CPU.Build.0 = Debug|Any CPU
		{B0CE58D6-4FC9-43C8-A80A-1C4C2553D491}.Release|Any CPU.ActiveCfg = Release|Any CPU
		{B0CE58D6-4FC9-43C8-A80A-1C4C2553D491}.Release|Any CPU.Build.0 = Release|Any CPU
	EndGlobalSection
	GlobalSection(SolutionProperties) = preSolution
		HideSolutionNode = FALSE
	EndGlobalSection
	GlobalSection(NestedProjects) = preSolution
		{4CA3572D-7B7B-4B75-84AE-BA3C5AE1A3D6} = {D319D10B-3C1B-4F4D-925C-3F986F19F069}
		{7D02B80B-0076-4C6A-AA9D-3CBC477CE93F} = {D319D10B-3C1B-4F4D-925C-3F986F19F069}
		{A0492484-B21B-4054-8ABF-55AB62298CB4} = {D319D10B-3C1B-4F4D-925C-3F986F19F069}
		{F73FD0BD-832C-488C-80E7-63756CB66EF1} = {720CC835-636A-4368-A82B-F6B36E2BD4B4}
		{B6ED426A-6B3F-475D-85A9-365E523C9D4D} = {720CC835-636A-4368-A82B-F6B36E2BD4B4}
		{8EF48230-1CD1-4289-98F4-26297675B5DE} = {A02E5204-18EB-4896-8514-62A5112EDD2F}
		{DDE4C38E-A0F1-4D67-8ED1-CBF3CB0F3A7A} = {A02E5204-18EB-4896-8514-62A5112EDD2F}
		{6C5BF30B-A41A-4EB9-A607-AAE504C443D9} = {A02E5204-18EB-4896-8514-62A5112EDD2F}
		{61642332-5310-41AD-8A51-B3E8566FE278} = {19461C0C-7507-4096-8D5A-4A5D09B5A9D4}
		{D858F52C-1FF9-40A7-8554-8198BFA44E83} = {A02E5204-18EB-4896-8514-62A5112EDD2F}
		{B2031C91-1F19-4C1C-8999-134822EF2B84} = {1533D522-22DD-4143-B4FE-10FEBE5929BD}
		{B195B026-4C8C-4A04-A499-5B466B239062} = {1533D522-22DD-4143-B4FE-10FEBE5929BD}
	EndGlobalSection
	GlobalSection(ExtensibilityGlobals) = postSolution
		SolutionGuid = {44866BCA-F358-4BD9-BD4D-5C51A2153967}
	EndGlobalSection
EndGlobal
